
Microsoft Visual Studio Solution File, Format Version 12.00
# Visual Studio Version 17
VisualStudioVersion = 17.0.31912.275
MinimumVisualStudioVersion = 10.0.40219.1
Project("{FAE04EC0-301F-11D3-BF4B-00C04F79EFBC}") = "P01AplikacjaWebowa", "P01AplikacjaWebowa\P01AplikacjaWebowa.csproj", "{076E82BB-C645-4DC3-8CF1-73EA402AEE97}"
EndProject
Project("{FAE04EC0-301F-11D3-BF4B-00C04F79EFBC}") = "P02AplikacjaZawodnicy", "P02AplikacjaZawodnicy\P02AplikacjaZawodnicy.csproj", "{2BC25292-D4E0-4412-BEF8-3D52FBE7B71A}"
EndProject
Project("{FAE04EC0-301F-11D3-BF4B-00C04F79EFBC}") = "P03Wstawki", "P03Wstawki\P03Wstawki.csproj", "{843EB40E-3771-4CEA-BEBB-13585811DEA5}"
EndProject
Project("{FAE04EC0-301F-11D3-BF4B-00C04F79EFBC}") = "P04PolaczenieZExelem", "P04PolaczenieZExelem\P04PolaczenieZExelem.csproj", "{169074F6-3AF2-41E8-86DC-7C759E00CE25}"
EndProject
Global
	GlobalSection(SolutionConfigurationPlatforms) = preSolution
		Debug|Any CPU = Debug|Any CPU
		Release|Any CPU = Release|Any CPU
	EndGlobalSection
	GlobalSection(ProjectConfigurationPlatforms) = postSolution
		{076E82BB-C645-4DC3-8CF1-73EA402AEE97}.Debug|Any CPU.ActiveCfg = Debug|Any CPU
		{076E82BB-C645-4DC3-8CF1-73EA402AEE97}.Debug|Any CPU.Build.0 = Debug|Any CPU
		{076E82BB-C645-4DC3-8CF1-73EA402AEE97}.Release|Any CPU.ActiveCfg = Release|Any CPU
		{076E82BB-C645-4DC3-8CF1-73EA402AEE97}.Release|Any CPU.Build.0 = Release|Any CPU
		{2BC25292-D4E0-4412-BEF8-3D52FBE7B71A}.Debug|Any CPU.ActiveCfg = Debug|Any CPU
		{2BC25292-D4E0-4412-BEF8-3D52FBE7B71A}.Debug|Any CPU.Build.0 = Debug|Any CPU
		{2BC25292-D4E0-4412-BEF8-3D52FBE7B71A}.Release|Any CPU.ActiveCfg = Release|Any CPU
		{2BC25292-D4E0-4412-BEF8-3D52FBE7B71A}.Release|Any CPU.Build.0 = Release|Any CPU
		{843EB40E-3771-4CEA-BEBB-13585811DEA5}.Debug|Any CPU.ActiveCfg = Debug|Any CPU
		{843EB40E-3771-4CEA-BEBB-13585811DEA5}.Debug|Any CPU.Build.0 = Debug|Any CPU
		{843EB40E-3771-4CEA-BEBB-13585811DEA5}.Release|Any CPU.ActiveCfg = Release|Any CPU
		{843EB40E-3771-4CEA-BEBB-13585811DEA5}.Release|Any CPU.Build.0 = Release|Any CPU
		{169074F6-3AF2-41E8-86DC-7C759E00CE25}.Debug|Any CPU.ActiveCfg = Debug|Any CPU
		{169074F6-3AF2-41E8-86DC-7C759E00CE25}.Debug|Any CPU.Build.0 = Debug|Any CPU
		{169074F6-3AF2-41E8-86DC-7C759E00CE25}.Release|Any CPU.ActiveCfg = Release|Any CPU
		{169074F6-3AF2-41E8-86DC-7C759E00CE25}.Release|Any CPU.Build.0 = Release|Any CPU
	EndGlobalSection
	GlobalSection(SolutionProperties) = preSolution
		HideSolutionNode = FALSE
	EndGlobalSection
	GlobalSection(ExtensibilityGlobals) = postSolution
		SolutionGuid = {144F3E4C-BA7D-4F8B-9E59-61B750EEF653}
	EndGlobalSection
EndGlobal
